// !$*UTF8*$!
{
	archiveVersion = 1;
	classes = {
	};
	objectVersion = 56;
	objects = {

/* Begin PBXBuildFile section */
		45526F512C06F3B500B2E7DE /* _529App.swift in Sources */ = {isa = PBXBuildFile; fileRef = 45526F502C06F3B500B2E7DE /* _529App.swift */; };
		45526F532C06F3B500B2E7DE /* ContentView.swift in Sources */ = {isa = PBXBuildFile; fileRef = 45526F522C06F3B500B2E7DE /* ContentView.swift */; };
		45526F552C06F3B700B2E7DE /* Assets.xcassets in Resources */ = {isa = PBXBuildFile; fileRef = 45526F542C06F3B700B2E7DE /* Assets.xcassets */; };
		45526F582C06F3B700B2E7DE /* Preview Assets.xcassets in Resources */ = {isa = PBXBuildFile; fileRef = 45526F572C06F3B700B2E7DE /* Preview Assets.xcassets */; };
		45526F622C06F3B700B2E7DE /* _529Tests.swift in Sources */ = {isa = PBXBuildFile; fileRef = 45526F612C06F3B700B2E7DE /* _529Tests.swift */; };
		45526F6C2C06F3B700B2E7DE /* _529UITests.swift in Sources */ = {isa = PBXBuildFile; fileRef = 45526F6B2C06F3B700B2E7DE /* _529UITests.swift */; };
		45526F6E2C06F3B700B2E7DE /* _529UITestsLaunchTests.swift in Sources */ = {isa = PBXBuildFile; fileRef = 45526F6D2C06F3B700B2E7DE /* _529UITestsLaunchTests.swift */; };
/* End PBXBuildFile section */

/* Begin PBXContainerItemProxy section */
		45526F5E2C06F3B700B2E7DE /* PBXContainerItemProxy */ = {
			isa = PBXContainerItemProxy;
			containerPortal = 45526F452C06F3B500B2E7DE /* Project object */;
			proxyType = 1;
			remoteGlobalIDString = 45526F4C2C06F3B500B2E7DE;
			remoteInfo = 0529;
		};
		45526F682C06F3B700B2E7DE /* PBXContainerItemProxy */ = {
			isa = PBXContainerItemProxy;
			containerPortal = 45526F452C06F3B500B2E7DE /* Project object */;
			proxyType = 1;
			remoteGlobalIDString = 45526F4C2C06F3B500B2E7DE;
			remoteInfo = 0529;
		};
/* End PBXContainerItemProxy section */

/* Begin PBXFileReference section */
		45526F4D2C06F3B500B2E7DE /* 0529.app */ = {isa = PBXFileReference; explicitFileType = wrapper.application; includeInIndex = 0; path = 0529.app; sourceTree = BUILT_PRODUCTS_DIR; };
		45526F502C06F3B500B2E7DE /* _529App.swift */ = {isa = PBXFileReference; lastKnownFileType = sourcecode.swift; path = _529App.swift; sourceTree = "<group>"; };
		45526F522C06F3B500B2E7DE /* ContentView.swift */ = {isa = PBXFileReference; lastKnownFileType = sourcecode.swift; path = ContentView.swift; sourceTree = "<group>"; };
		45526F542C06F3B700B2E7DE /* Assets.xcassets */ = {isa = PBXFileReference; lastKnownFileType = folder.assetcatalog; path = Assets.xcassets; sourceTree = "<group>"; };
		45526F572C06F3B700B2E7DE /* Preview Assets.xcassets */ = {isa = PBXFileReference; lastKnownFileType = folder.assetcatalog; path = "Preview Assets.xcassets"; sourceTree = "<group>"; };
		45526F5D2C06F3B700B2E7DE /* 0529Tests.xctest */ = {isa = PBXFileReference; explicitFileType = wrapper.cfbundle; includeInIndex = 0; path = 0529Tests.xctest; sourceTree = BUILT_PRODUCTS_DIR; };
		45526F612C06F3B700B2E7DE /* _529Tests.swift */ = {isa = PBXFileReference; lastKnownFileType = sourcecode.swift; path = _529Tests.swift; sourceTree = "<group>"; };
		45526F672C06F3B700B2E7DE /* 0529UITests.xctest */ = {isa = PBXFileReference; explicitFileType = wrapper.cfbundle; includeInIndex = 0; path = 0529UITests.xctest; sourceTree = BUILT_PRODUCTS_DIR; };
		45526F6B2C06F3B700B2E7DE /* _529UITests.swift */ = {isa = PBXFileReference; lastKnownFileType = sourcecode.swift; path = _529UITests.swift; sourceTree = "<group>"; };
		45526F6D2C06F3B700B2E7DE /* _529UITestsLaunchTests.swift */ = {isa = PBXFileReference; lastKnownFileType = sourcecode.swift; path = _529UITestsLaunchTests.swift; sourceTree = "<group>"; };
/* End PBXFileReference section */

/* Begin PBXFrameworksBuildPhase section */
		45526F4A2C06F3B500B2E7DE /* Frameworks */ = {
			isa = PBXFrameworksBuildPhase;
			buildActionMask = 2147483647;
			files = (
			);
			runOnlyForDeploymentPostprocessing = 0;
		};
		45526F5A2C06F3B700B2E7DE /* Frameworks */ = {
			isa = PBXFrameworksBuildPhase;
			buildActionMask = 2147483647;
			files = (
			);
			runOnlyForDeploymentPostprocessing = 0;
		};
		45526F642C06F3B700B2E7DE /* Frameworks */ = {
			isa = PBXFrameworksBuildPhase;
			buildActionMask = 2147483647;
			files = (
			);
			runOnlyForDeploymentPostprocessing = 0;
		};
/* End PBXFrameworksBuildPhase section */

/* Begin PBXGroup section */
		45526F442C06F3B500B2E7DE = {
			isa = PBXGroup;
			children = (
				45526F4F2C06F3B500B2E7DE /* 0529 */,
				45526F602C06F3B700B2E7DE /* 0529Tests */,
				45526F6A2C06F3B700B2E7DE /* 0529UITests */,
				45526F4E2C06F3B500B2E7DE /* Products */,
			);
			sourceTree = "<group>";
		};
		45526F4E2C06F3B500B2E7DE /* Products */ = {
			isa = PBXGroup;
			children = (
				45526F4D2C06F3B500B2E7DE /* 0529.app */,
				45526F5D2C06F3B700B2E7DE /* 0529Tests.xctest */,
				45526F672C06F3B700B2E7DE /* 0529UITests.xctest */,
			);
			name = Products;
			sourceTree = "<group>";
		};
		45526F4F2C06F3B500B2E7DE /* 0529 */ = {
			isa = PBXGroup;
			children = (
				45526F502C06F3B500B2E7DE /* _529App.swift */,
				45526F522C06F3B500B2E7DE /* ContentView.swift */,
				45526F542C06F3B700B2E7DE /* Assets.xcassets */,
				45526F562C06F3B700B2E7DE /* Preview Content */,
			);
			path = 0529;
			sourceTree = "<group>";
		};
		45526F562C06F3B700B2E7DE /* Preview Content */ = {
			isa = PBXGroup;
			children = (
				45526F572C06F3B700B2E7DE /* Preview Assets.xcassets */,
			);
			path = "Preview Content";
			sourceTree = "<group>";
		};
		45526F602C06F3B700B2E7DE /* 0529Tests */ = {
			isa = PBXGroup;
			children = (
				45526F612C06F3B700B2E7DE /* _529Tests.swift */,
			);
			path = 0529Tests;
			sourceTree = "<group>";
		};
		45526F6A2C06F3B700B2E7DE /* 0529UITests */ = {
			isa = PBXGroup;
			children = (
				45526F6B2C06F3B700B2E7DE /* _529UITests.swift */,
				45526F6D2C06F3B700B2E7DE /* _529UITestsLaunchTests.swift */,
			);
			path = 0529UITests;
			sourceTree = "<group>";
		};
/* End PBXGroup section */

/* Begin PBXNativeTarget section */
		45526F4C2C06F3B500B2E7DE /* 0529 */ = {
			isa = PBXNativeTarget;
			buildConfigurationList = 45526F712C06F3B700B2E7DE /* Build configuration list for PBXNativeTarget "0529" */;
			buildPhases = (
				45526F492C06F3B500B2E7DE /* Sources */,
				45526F4A2C06F3B500B2E7DE /* Frameworks */,
				45526F4B2C06F3B500B2E7DE /* Resources */,
			);
			buildRules = (
			);
			dependencies = (
			);
			name = 0529;
			productName = 0529;
			productReference = 45526F4D2C06F3B500B2E7DE /* 0529.app */;
			productType = "com.apple.product-type.application";
		};
		45526F5C2C06F3B700B2E7DE /* 0529Tests */ = {
			isa = PBXNativeTarget;
			buildConfigurationList = 45526F742C06F3B700B2E7DE /* Build configuration list for PBXNativeTarget "0529Tests" */;
			buildPhases = (
				45526F592C06F3B700B2E7DE /* Sources */,
				45526F5A2C06F3B700B2E7DE /* Frameworks */,
				45526F5B2C06F3B700B2E7DE /* Resources */,
			);
			buildRules = (
			);
			dependencies = (
				45526F5F2C06F3B700B2E7DE /* PBXTargetDependency */,
			);
			name = 0529Tests;
			productName = 0529Tests;
			productReference = 45526F5D2C06F3B700B2E7DE /* 0529Tests.xctest */;
			productType = "com.apple.product-type.bundle.unit-test";
		};
		45526F662C06F3B700B2E7DE /* 0529UITests */ = {
			isa = PBXNativeTarget;
			buildConfigurationList = 45526F772C06F3B700B2E7DE /* Build configuration list for PBXNativeTarget "0529UITests" */;
			buildPhases = (
				45526F632C06F3B700B2E7DE /* Sources */,
				45526F642C06F3B700B2E7DE /* Frameworks */,
				45526F652C06F3B700B2E7DE /* Resources */,
			);
			buildRules = (
			);
			dependencies = (
				45526F692C06F3B700B2E7DE /* PBXTargetDependency */,
			);
			name = 0529UITests;
			productName = 0529UITests;
			productReference = 45526F672C06F3B700B2E7DE /* 0529UITests.xctest */;
			productType = "com.apple.product-type.bundle.ui-testing";
		};
/* End PBXNativeTarget section */

/* Begin PBXProject section */
		45526F452C06F3B500B2E7DE /* Project object */ = {
			isa = PBXProject;
			attributes = {
				BuildIndependentTargetsInParallel = 1;
				LastSwiftUpdateCheck = 1540;
				LastUpgradeCheck = 1540;
				TargetAttributes = {
					45526F4C2C06F3B500B2E7DE = {
						CreatedOnToolsVersion = 15.4;
					};
					45526F5C2C06F3B700B2E7DE = {
						CreatedOnToolsVersion = 15.4;
						TestTargetID = 45526F4C2C06F3B500B2E7DE;
					};
					45526F662C06F3B700B2E7DE = {
						CreatedOnToolsVersion = 15.4;
						TestTargetID = 45526F4C2C06F3B500B2E7DE;
					};
				};
			};
			buildConfigurationList = 45526F482C06F3B500B2E7DE /* Build configuration list for PBXProject "0529" */;
			compatibilityVersion = "Xcode 14.0";
			developmentRegion = en;
			hasScannedForEncodings = 0;
			knownRegions = (
				en,
				Base,
			);
			mainGroup = 45526F442C06F3B500B2E7DE;
			productRefGroup = 45526F4E2C06F3B500B2E7DE /* Products */;
			projectDirPath = "";
			projectRoot = "";
			targets = (
				45526F4C2C06F3B500B2E7DE /* 0529 */,
				45526F5C2C06F3B700B2E7DE /* 0529Tests */,
				45526F662C06F3B700B2E7DE /* 0529UITests */,
			);
		};
/* End PBXProject section */

/* Begin PBXResourcesBuildPhase section */
		45526F4B2C06F3B500B2E7DE /* Resources */ = {
			isa = PBXResourcesBuildPhase;
			buildActionMask = 2147483647;
			files = (
				45526F582C06F3B700B2E7DE /* Preview Assets.xcassets in Resources */,
				45526F552C06F3B700B2E7DE /* Assets.xcassets in Resources */,
			);
			runOnlyForDeploymentPostprocessing = 0;
		};
		45526F5B2C06F3B700B2E7DE /* Resources */ = {
			isa = PBXResourcesBuildPhase;
			buildActionMask = 2147483647;
			files = (
			);
			runOnlyForDeploymentPostprocessing = 0;
		};
		45526F652C06F3B700B2E7DE /* Resources */ = {
			isa = PBXResourcesBuildPhase;
			buildActionMask = 2147483647;
			files = (
			);
			runOnlyForDeploymentPostprocessing = 0;
		};
/* End PBXResourcesBuildPhase section */

/* Begin PBXSourcesBuildPhase section */
		45526F492C06F3B500B2E7DE /* Sources */ = {
			isa = PBXSourcesBuildPhase;
			buildActionMask = 2147483647;
			files = (
				45526F532C06F3B500B2E7DE /* ContentView.swift in Sources */,
				45526F512C06F3B500B2E7DE /* _529App.swift in Sources */,
			);
			runOnlyForDeploymentPostprocessing = 0;
		};
		45526F592C06F3B700B2E7DE /* Sources */ = {
			isa = PBXSourcesBuildPhase;
			buildActionMask = 2147483647;
			files = (
				45526F622C06F3B700B2E7DE /* _529Tests.swift in Sources */,
			);
			runOnlyForDeploymentPostprocessing = 0;
		};
		45526F632C06F3B700B2E7DE /* Sources */ = {
			isa = PBXSourcesBuildPhase;
			buildActionMask = 2147483647;
			files = (
				45526F6C2C06F3B700B2E7DE /* _529UITests.swift in Sources */,
				45526F6E2C06F3B700B2E7DE /* _529UITestsLaunchTests.swift in Sources */,
			);
			runOnlyForDeploymentPostprocessing = 0;
		};
/* End PBXSourcesBuildPhase section */

/* Begin PBXTargetDependency section */
		45526F5F2C06F3B700B2E7DE /* PBXTargetDependency */ = {
			isa = PBXTargetDependency;
			target = 45526F4C2C06F3B500B2E7DE /* 0529 */;
			targetProxy = 45526F5E2C06F3B700B2E7DE /* PBXContainerItemProxy */;
		};
		45526F692C06F3B700B2E7DE /* PBXTargetDependency */ = {
			isa = PBXTargetDependency;
			target = 45526F4C2C06F3B500B2E7DE /* 0529 */;
			targetProxy = 45526F682C06F3B700B2E7DE /* PBXContainerItemProxy */;
		};
/* End PBXTargetDependency section */

/* Begin XCBuildConfiguration section */
		45526F6F2C06F3B700B2E7DE /* Debug */ = {
			isa = XCBuildConfiguration;
			buildSettings = {
				ALWAYS_SEARCH_USER_PATHS = NO;
				ASSETCATALOG_COMPILER_GENERATE_SWIFT_ASSET_SYMBOL_EXTENSIONS = YES;
				CLANG_ANALYZER_NONNULL = YES;
				CLANG_ANALYZER_NUMBER_OBJECT_CONVERSION = YES_AGGRESSIVE;
				CLANG_CXX_LANGUAGE_STANDARD = "gnu++20";
				CLANG_ENABLE_MODULES = YES;
				CLANG_ENABLE_OBJC_ARC = YES;
				CLANG_ENABLE_OBJC_WEAK = YES;
				CLANG_WARN_BLOCK_CAPTURE_AUTORELEASING = YES;
				CLANG_WARN_BOOL_CONVERSION = YES;
				CLANG_WARN_COMMA = YES;
				CLANG_WARN_CONSTANT_CONVERSION = YES;
				CLANG_WARN_DEPRECATED_OBJC_IMPLEMENTATIONS = YES;
				CLANG_WARN_DIRECT_OBJC_ISA_USAGE = YES_ERROR;
				CLANG_WARN_DOCUMENTATION_COMMENTS = YES;
				CLANG_WARN_EMPTY_BODY = YES;
				CLANG_WARN_ENUM_CONVERSION = YES;
				CLANG_WARN_INFINITE_RECURSION = YES;
				CLANG_WARN_INT_CONVERSION = YES;
				CLANG_WARN_NON_LITERAL_NULL_CONVERSION = YES;
				CLANG_WARN_OBJC_IMPLICIT_RETAIN_SELF = YES;
				CLANG_WARN_OBJC_LITERAL_CONVERSION = YES;
				CLANG_WARN_OBJC_ROOT_CLASS = YES_ERROR;
				CLANG_WARN_QUOTED_INCLUDE_IN_FRAMEWORK_HEADER = YES;
				CLANG_WARN_RANGE_LOOP_ANALYSIS = YES;
				CLANG_WARN_STRICT_PROTOTYPES = YES;
				CLANG_WARN_SUSPICIOUS_MOVE = YES;
				CLANG_WARN_UNGUARDED_AVAILABILITY = YES_AGGRESSIVE;
				CLANG_WARN_UNREACHABLE_CODE = YES;
				CLANG_WARN__DUPLICATE_METHOD_MATCH = YES;
				COPY_PHASE_STRIP = NO;
				DEBUG_INFORMATION_FORMAT = dwarf;
				ENABLE_STRICT_OBJC_MSGSEND = YES;
				ENABLE_TESTABILITY = YES;
				ENABLE_USER_SCRIPT_SANDBOXING = YES;
				GCC_C_LANGUAGE_STANDARD = gnu17;
				GCC_DYNAMIC_NO_PIC = NO;
				GCC_NO_COMMON_BLOCKS = YES;
				GCC_OPTIMIZATION_LEVEL = 0;
				GCC_PREPROCESSOR_DEFINITIONS = (
					"DEBUG=1",
					"$(inherited)",
				);
				GCC_WARN_64_TO_32_BIT_CONVERSION = YES;
				GCC_WARN_ABOUT_RETURN_TYPE = YES_ERROR;
				GCC_WARN_UNDECLARED_SELECTOR = YES;
				GCC_WARN_UNINITIALIZED_AUTOS = YES_AGGRESSIVE;
				GCC_WARN_UNUSED_FUNCTION = YES;
				GCC_WARN_UNUSED_VARIABLE = YES;
				IPHONEOS_DEPLOYMENT_TARGET = 17.5;
				LOCALIZATION_PREFERS_STRING_CATALOGS = YES;
				MTL_ENABLE_DEBUG_INFO = INCLUDE_SOURCE;
				MTL_FAST_MATH = YES;
				ONLY_ACTIVE_ARCH = YES;
				SDKROOT = iphoneos;
				SWIFT_ACTIVE_COMPILATION_CONDITIONS = "DEBUG $(inherited)";
				SWIFT_OPTIMIZATION_LEVEL = "-Onone";
			};
			name = Debug;
		};
		45526F702C06F3B700B2E7DE /* Release */ = {
			isa = XCBuildConfiguration;
			buildSettings = {
				ALWAYS_SEARCH_USER_PATHS = NO;
				ASSETCATALOG_COMPILER_GENERATE_SWIFT_ASSET_SYMBOL_EXTENSIONS = YES;
				CLANG_ANALYZER_NONNULL = YES;
				CLANG_ANALYZER_NUMBER_OBJECT_CONVERSION = YES_AGGRESSIVE;
				CLANG_CXX_LANGUAGE_STANDARD = "gnu++20";
				CLANG_ENABLE_MODULES = YES;
				CLANG_ENABLE_OBJC_ARC = YES;
				CLANG_ENABLE_OBJC_WEAK = YES;
				CLANG_WARN_BLOCK_CAPTURE_AUTORELEASING = YES;
				CLANG_WARN_BOOL_CONVERSION = YES;
				CLANG_WARN_COMMA = YES;
				CLANG_WARN_CONSTANT_CONVERSION = YES;
				CLANG_WARN_DEPRECATED_OBJC_IMPLEMENTATIONS = YES;
				CLANG_WARN_DIRECT_OBJC_ISA_USAGE = YES_ERROR;
				CLANG_WARN_DOCUMENTATION_COMMENTS = YES;
				CLANG_WARN_EMPTY_BODY = YES;
				CLANG_WARN_ENUM_CONVERSION = YES;
				CLANG_WARN_INFINITE_RECURSION = YES;
				CLANG_WARN_INT_CONVERSION = YES;
				CLANG_WARN_NON_LITERAL_NULL_CONVERSION = YES;
				CLANG_WARN_OBJC_IMPLICIT_RETAIN_SELF = YES;
				CLANG_WARN_OBJC_LITERAL_CONVERSION = YES;
				CLANG_WARN_OBJC_ROOT_CLASS = YES_ERROR;
				CLANG_WARN_QUOTED_INCLUDE_IN_FRAMEWORK_HEADER = YES;
				CLANG_WARN_RANGE_LOOP_ANALYSIS = YES;
				CLANG_WARN_STRICT_PROTOTYPES = YES;
				CLANG_WARN_SUSPICIOUS_MOVE = YES;
				CLANG_WARN_UNGUARDED_AVAILABILITY = YES_AGGRESSIVE;
				CLANG_WARN_UNREACHABLE_CODE = YES;
				CLANG_WARN__DUPLICATE_METHOD_MATCH = YES;
				COPY_PHASE_STRIP = NO;
				DEBUG_INFORMATION_FORMAT = "dwarf-with-dsym";
				ENABLE_NS_ASSERTIONS = NO;
				ENABLE_STRICT_OBJC_MSGSEND = YES;
				ENABLE_USER_SCRIPT_SANDBOXING = YES;
				GCC_C_LANGUAGE_STANDARD = gnu17;
				GCC_NO_COMMON_BLOCKS = YES;
				GCC_WARN_64_TO_32_BIT_CONVERSION = YES;
				GCC_WARN_ABOUT_RETURN_TYPE = YES_ERROR;
				GCC_WARN_UNDECLARED_SELECTOR = YES;
				GCC_WARN_UNINITIALIZED_AUTOS = YES_AGGRESSIVE;
				GCC_WARN_UNUSED_FUNCTION = YES;
				GCC_WARN_UNUSED_VARIABLE = YES;
				IPHONEOS_DEPLOYMENT_TARGET = 17.5;
				LOCALIZATION_PREFERS_STRING_CATALOGS = YES;
				MTL_ENABLE_DEBUG_INFO = NO;
				MTL_FAST_MATH = YES;
				SDKROOT = iphoneos;
				SWIFT_COMPILATION_MODE = wholemodule;
				VALIDATE_PRODUCT = YES;
			};
			name = Release;
		};
		45526F722C06F3B700B2E7DE /* Debug */ = {
			isa = XCBuildConfiguration;
			buildSettings = {
				ASSETCATALOG_COMPILER_APPICON_NAME = AppIcon;
				ASSETCATALOG_COMPILER_GLOBAL_ACCENT_COLOR_NAME = AccentColor;
				CODE_SIGN_STYLE = Automatic;
				CURRENT_PROJECT_VERSION = 1;
				DEVELOPMENT_ASSET_PATHS = "\"0529/Preview Content\"";
				DEVELOPMENT_TEAM = BHWYURZX32;
				ENABLE_PREVIEWS = YES;
				GENERATE_INFOPLIST_FILE = YES;
				INFOPLIST_KEY_UIApplicationSceneManifest_Generation = YES;
				INFOPLIST_KEY_UIApplicationSupportsIndirectInputEvents = YES;
				INFOPLIST_KEY_UILaunchScreen_Generation = YES;
				INFOPLIST_KEY_UISupportedInterfaceOrientations_iPad = "UIInterfaceOrientationPortrait UIInterfaceOrientationPortraitUpsideDown UIInterfaceOrientationLandscapeLeft UIInterfaceOrientationLandscapeRight";
				INFOPLIST_KEY_UISupportedInterfaceOrientations_iPhone = "UIInterfaceOrientationPortrait UIInterfaceOrientationLandscapeLeft UIInterfaceOrientationLandscapeRight";
				LD_RUNPATH_SEARCH_PATHS = (
					"$(inherited)",
					"@executable_path/Frameworks",
				);
				MARKETING_VERSION = 1.0;
				PRODUCT_BUNDLE_IDENTIFIER = "-30-swift.-529";
				PRODUCT_NAME = "$(TARGET_NAME)";
				SWIFT_EMIT_LOC_STRINGS = YES;
				SWIFT_VERSION = 5.0;
				TARGETED_DEVICE_FAMILY = "1,2";
			};
			name = Debug;
		};
		45526F732C06F3B700B2E7DE /* Release */ = {
			isa = XCBuildConfiguration;
			buildSettings = {
				ASSETCATALOG_COMPILER_APPICON_NAME = AppIcon;
				ASSETCATALOG_COMPILER_GLOBAL_ACCENT_COLOR_NAME = AccentColor;
				CODE_SIGN_STYLE = Automatic;
				CURRENT_PROJECT_VERSION = 1;
				DEVELOPMENT_ASSET_PATHS = "\"0529/Preview Content\"";
				DEVELOPMENT_TEAM = BHWYURZX32;
				ENABLE_PREVIEWS = YES;
				GENERATE_INFOPLIST_FILE = YES;
				INFOPLIST_KEY_UIApplicationSceneManifest_Generation = YES;
				INFOPLIST_KEY_UIApplicationSupportsIndirectInputEvents = YES;
				INFOPLIST_KEY_UILaunchScreen_Generation = YES;
				INFOPLIST_KEY_UISupportedInterfaceOrientations_iPad = "UIInterfaceOrientationPortrait UIInterfaceOrientationPortraitUpsideDown UIInterfaceOrientationLandscapeLeft UIInterfaceOrientationLandscapeRight";
				INFOPLIST_KEY_UISupportedInterfaceOrientations_iPhone = "UIInterfaceOrientationPortrait UIInterfaceOrientationLandscapeLeft UIInterfaceOrientationLandscapeRight";
				LD_RUNPATH_SEARCH_PATHS = (
					"$(inherited)",
					"@executable_path/Frameworks",
				);
				MARKETING_VERSION = 1.0;
				PRODUCT_BUNDLE_IDENTIFIER = "-30-swift.-529";
				PRODUCT_NAME = "$(TARGET_NAME)";
				SWIFT_EMIT_LOC_STRINGS = YES;
				SWIFT_VERSION = 5.0;
				TARGETED_DEVICE_FAMILY = "1,2";
			};
			name = Release;
		};
		45526F752C06F3B700B2E7DE /* Debug */ = {
			isa = XCBuildConfiguration;
			buildSettings = {
				ALWAYS_EMBED_SWIFT_STANDARD_LIBRARIES = YES;
				BUNDLE_LOADER = "$(TEST_HOST)";
				CODE_SIGN_STYLE = Automatic;
				CURRENT_PROJECT_VERSION = 1;
				DEVELOPMENT_TEAM = BHWYURZX32;
				GENERATE_INFOPLIST_FILE = YES;
				IPHONEOS_DEPLOYMENT_TARGET = 17.5;
				MARKETING_VERSION = 1.0;
				PRODUCT_BUNDLE_IDENTIFIER = "-30-swift.-529Tests";
				PRODUCT_NAME = "$(TARGET_NAME)";
				SWIFT_EMIT_LOC_STRINGS = NO;
				SWIFT_VERSION = 5.0;
				TARGETED_DEVICE_FAMILY = "1,2";
				TEST_HOST = "$(BUILT_PRODUCTS_DIR)/0529.app/$(BUNDLE_EXECUTABLE_FOLDER_PATH)/0529";
			};
			name = Debug;
		};
		45526F762C06F3B700B2E7DE /* Release */ = {
			isa = XCBuildConfiguration;
			buildSettings = {
				ALWAYS_EMBED_SWIFT_STANDARD_LIBRARIES = YES;
				BUNDLE_LOADER = "$(TEST_HOST)";
				CODE_SIGN_STYLE = Automatic;
				CURRENT_PROJECT_VERSION = 1;
				DEVELOPMENT_TEAM = BHWYURZX32;
				GENERATE_INFOPLIST_FILE = YES;
				IPHONEOS_DEPLOYMENT_TARGET = 17.5;
				MARKETING_VERSION = 1.0;
				PRODUCT_BUNDLE_IDENTIFIER = "-30-swift.-529Tests";
				PRODUCT_NAME = "$(TARGET_NAME)";
				SWIFT_EMIT_LOC_STRINGS = NO;
				SWIFT_VERSION = 5.0;
				TARGETED_DEVICE_FAMILY = "1,2";
				TEST_HOST = "$(BUILT_PRODUCTS_DIR)/0529.app/$(BUNDLE_EXECUTABLE_FOLDER_PATH)/0529";
			};
			name = Release;
		};
		45526F782C06F3B700B2E7DE /* Debug */ = {
			isa = XCBuildConfiguration;
			buildSettings = {
				ALWAYS_EMBED_SWIFT_STANDARD_LIBRARIES = YES;
				CODE_SIGN_STYLE = Automatic;
				CURRENT_PROJECT_VERSION = 1;
				DEVELOPMENT_TEAM = BHWYURZX32;
				GENERATE_INFOPLIST_FILE = YES;
				MARKETING_VERSION = 1.0;
				PRODUCT_BUNDLE_IDENTIFIER = "-30-swift.-529UITests";
				PRODUCT_NAME = "$(TARGET_NAME)";
				SWIFT_EMIT_LOC_STRINGS = NO;
				SWIFT_VERSION = 5.0;
				TARGETED_DEVICE_FAMILY = "1,2";
				TEST_TARGET_NAME = 0529;
			};
			name = Debug;
		};
		45526F792C06F3B700B2E7DE /* Release */ = {
			isa = XCBuildConfiguration;
			buildSettings = {
				ALWAYS_EMBED_SWIFT_STANDARD_LIBRARIES = YES;
				CODE_SIGN_STYLE = Automatic;
				CURRENT_PROJECT_VERSION = 1;
				DEVELOPMENT_TEAM = BHWYURZX32;
				GENERATE_INFOPLIST_FILE = YES;
				MARKETING_VERSION = 1.0;
				PRODUCT_BUNDLE_IDENTIFIER = "-30-swift.-529UITests";
				PRODUCT_NAME = "$(TARGET_NAME)";
				SWIFT_EMIT_LOC_STRINGS = NO;
				SWIFT_VERSION = 5.0;
				TARGETED_DEVICE_FAMILY = "1,2";
				TEST_TARGET_NAME = 0529;
			};
			name = Release;
		};
/* End XCBuildConfiguration section */

/* Begin XCConfigurationList section */
		45526F482C06F3B500B2E7DE /* Build configuration list for PBXProject "0529" */ = {
			isa = XCConfigurationList;
			buildConfigurations = (
				45526F6F2C06F3B700B2E7DE /* Debug */,
				45526F702C06F3B700B2E7DE /* Release */,
			);
			defaultConfigurationIsVisible = 0;
			defaultConfigurationName = Release;
		};
		45526F712C06F3B700B2E7DE /* Build configuration list for PBXNativeTarget "0529" */ = {
			isa = XCConfigurationList;
			buildConfigurations = (
				45526F722C06F3B700B2E7DE /* Debug */,
				45526F732C06F3B700B2E7DE /* Release */,
			);
			defaultConfigurationIsVisible = 0;
			defaultConfigurationName = Release;
		};
		45526F742C06F3B700B2E7DE /* Build configuration list for PBXNativeTarget "0529Tests" */ = {
			isa = XCConfigurationList;
			buildConfigurations = (
				45526F752C06F3B700B2E7DE /* Debug */,
				45526F762C06F3B700B2E7DE /* Release */,
			);
			defaultConfigurationIsVisible = 0;
			defaultConfigurationName = Release;
		};
		45526F772C06F3B700B2E7DE /* Build configuration list for PBXNativeTarget "0529UITests" */ = {
			isa = XCConfigurationList;
			buildConfigurations = (
				45526F782C06F3B700B2E7DE /* Debug */,
				45526F792C06F3B700B2E7DE /* Release */,
			);
			defaultConfigurationIsVisible = 0;
			defaultConfigurationName = Release;
		};
/* End XCConfigurationList section */
	};
	rootObject = 45526F452C06F3B500B2E7DE /* Project object */;
}
